# This is a Gradle generated file for dependency locking.
# Manual edits can break the build and are not advised.
# This file is expected to be part of source control.
ch.qos.logback:logback-classic:1.2.3=compileClasspath,runtimeClasspath,testCompileClasspath,testRuntimeClasspath
ch.qos.logback:logback-core:1.2.3=compileClasspath,runtimeClasspath,testCompileClasspath,testRuntimeClasspath
com.fasterxml.jackson.core:jackson-annotations:2.11.1=dokkaGfmPlugin,dokkaGfmRuntime
com.fasterxml.jackson.core:jackson-core:2.11.1=dokkaGfmPlugin,dokkaGfmRuntime
com.fasterxml.jackson.core:jackson-databind:2.11.1=dokkaGfmPlugin,dokkaGfmRuntime
com.fasterxml.jackson.dataformat:jackson-dataformat-xml:2.11.1=dokkaGfmRuntime
com.fasterxml.jackson.module:jackson-module-jaxb-annotations:2.11.1=dokkaGfmRuntime
com.fasterxml.jackson.module:jackson-module-kotlin:2.11.1=dokkaGfmPlugin,dokkaGfmRuntime
com.fasterxml.woodstox:woodstox-core:6.2.1=dokkaGfmRuntime
com.github.shyiko.klob:klob:0.2.1=ktlint
com.google.code.gson:gson:2.8.6=compileClasspath,runtimeClasspath,testCompileClasspath,testRuntimeClasspath
com.pinterest.ktlint:ktlint-core:0.41.0=ktlint
com.pinterest.ktlint:ktlint-reporter-baseline:0.41.0=ktlint
com.pinterest.ktlint:ktlint-reporter-checkstyle:0.41.0=ktlint
com.pinterest.ktlint:ktlint-reporter-html:0.41.0=ktlint
com.pinterest.ktlint:ktlint-reporter-json:0.41.0=ktlint
com.pinterest.ktlint:ktlint-reporter-plain:0.41.0=ktlint
com.pinterest.ktlint:ktlint-ruleset-experimental:0.41.0=ktlint
com.pinterest.ktlint:ktlint-ruleset-standard:0.41.0=ktlint
com.pinterest.ktlint:ktlint-ruleset-test:0.41.0=ktlint
com.pinterest:ktlint:0.41.0=ktlint
commons-codec:commons-codec:1.10=compileClasspath,runtimeClasspath,testCompileClasspath,testRuntimeClasspath
commons-logging:commons-logging:1.2=compileClasspath,runtimeClasspath,testCompileClasspath,testRuntimeClasspath
info.picocli:picocli:3.9.6=ktlint
io.ktor:ktor-client-apache:1.5.1=compileClasspath,runtimeClasspath,testCompileClasspath,testRuntimeClasspath
io.ktor:ktor-client-auth-basic-jvm:1.5.1=compileClasspath,runtimeClasspath,testCompileClasspath,testRuntimeClasspath
io.ktor:ktor-client-auth-basic:1.5.1=compileClasspath,runtimeClasspath,testCompileClasspath,testRuntimeClasspath
io.ktor:ktor-client-auth-jvm:1.5.1=compileClasspath,runtimeClasspath,testCompileClasspath,testRuntimeClasspath
io.ktor:ktor-client-auth:1.5.1=compileClasspath,runtimeClasspath,testCompileClasspath,testRuntimeClasspath
io.ktor:ktor-client-core-jvm:1.5.1=compileClasspath,runtimeClasspath,testCompileClasspath,testRuntimeClasspath
io.ktor:ktor-client-core:1.5.1=compileClasspath,runtimeClasspath,testCompileClasspath,testRuntimeClasspath
io.ktor:ktor-client-gson:1.5.1=compileClasspath,runtimeClasspath,testCompileClasspath,testRuntimeClasspath
io.ktor:ktor-client-json-jvm:1.5.1=compileClasspath,runtimeClasspath,testCompileClasspath,testRuntimeClasspath
io.ktor:ktor-client-json:1.5.1=compileClasspath,runtimeClasspath,testCompileClasspath,testRuntimeClasspath
io.ktor:ktor-client-mock-jvm:1.5.1=compileClasspath,runtimeClasspath,testCompileClasspath,testRuntimeClasspath
io.ktor:ktor-client-mock:1.5.1=compileClasspath,runtimeClasspath,testCompileClasspath,testRuntimeClasspath
io.ktor:ktor-client:1.5.1=compileClasspath,runtimeClasspath,testCompileClasspath,testRuntimeClasspath
io.ktor:ktor-http-cio-jvm:1.5.1=compileClasspath,runtimeClasspath,testCompileClasspath,testRuntimeClasspath
io.ktor:ktor-http-cio:1.5.1=compileClasspath,runtimeClasspath,testCompileClasspath,testRuntimeClasspath
io.ktor:ktor-http-jvm:1.5.1=compileClasspath,runtimeClasspath,testCompileClasspath,testRuntimeClasspath
io.ktor:ktor-http:1.5.1=compileClasspath,runtimeClasspath,testCompileClasspath,testRuntimeClasspath
io.ktor:ktor-io-jvm:1.5.1=compileClasspath,runtimeClasspath,testCompileClasspath,testRuntimeClasspath
io.ktor:ktor-io:1.5.1=compileClasspath,runtimeClasspath,testCompileClasspath,testRuntimeClasspath
io.ktor:ktor-network-jvm:1.5.1=compileClasspath,runtimeClasspath,testCompileClasspath,testRuntimeClasspath
io.ktor:ktor-network:1.5.1=compileClasspath,runtimeClasspath,testCompileClasspath,testRuntimeClasspath
io.ktor:ktor-utils-jvm:1.5.1=compileClasspath,runtimeClasspath,testCompileClasspath,testRuntimeClasspath
io.ktor:ktor-utils:1.5.1=compileClasspath,runtimeClasspath,testCompileClasspath,testRuntimeClasspath
jakarta.activation:jakarta.activation-api:1.2.1=dokkaGfmRuntime
jakarta.xml.bind:jakarta.xml.bind-api:2.3.2=dokkaGfmRuntime
javax.activation:activation:1.1=compileClasspath,runtimeClasspath,testCompileClasspath,testRuntimeClasspath
javax.mail:mail:1.5.0-b01=compileClasspath,runtimeClasspath,testCompileClasspath,testRuntimeClasspath
joda-time:joda-time:2.1=compileClasspath
junit:junit:3.8.1=compileClasspath,runtimeClasspath,testCompileClasspath,testRuntimeClasspath
org.apache.httpcomponents:httpasyncclient:4.1.4=compileClasspath,runtimeClasspath,testCompileClasspath,testRuntimeClasspath
org.apache.httpcomponents:httpclient:4.5.6=compileClasspath,runtimeClasspath,testCompileClasspath,testRuntimeClasspath
org.apache.httpcomponents:httpcore-nio:4.4.10=compileClasspath,testCompileClasspath
org.apache.httpcomponents:httpcore-nio:4.4.13=runtimeClasspath,testRuntimeClasspath
org.apache.httpcomponents:httpcore:4.4.10=compileClasspath,testCompileClasspath
org.apache.httpcomponents:httpcore:4.4.13=runtimeClasspath,testRuntimeClasspath
org.apache.ws.commons.util:ws-commons-util:1.0.2=compileClasspath,runtimeClasspath,testCompileClasspath,testRuntimeClasspath
org.apache.xmlrpc:xmlrpc-client:3.1.3=compileClasspath,runtimeClasspath,testCompileClasspath,testRuntimeClasspath
org.apache.xmlrpc:xmlrpc-common:3.1.3=compileClasspath,runtimeClasspath,testCompileClasspath,testRuntimeClasspath
org.apiguardian:apiguardian-api:1.1.0=testCompileClasspath,testRuntimeClasspath
org.assertj:assertj-core:3.18.1=testCompileClasspath,testRuntimeClasspath
org.camunda.bpm.dmn:camunda-engine-dmn:7.14.0=compileClasspath
org.camunda.bpm.dmn:camunda-engine-feel-api:7.14.0=compileClasspath
org.camunda.bpm.dmn:camunda-engine-feel-juel:7.14.0=compileClasspath
org.camunda.bpm.dmn:camunda-engine-feel-scala:7.14.0=compileClasspath
org.camunda.bpm.model:camunda-bpmn-model:7.14.0=compileClasspath
org.camunda.bpm.model:camunda-cmmn-model:7.14.0=compileClasspath
org.camunda.bpm.model:camunda-dmn-model:7.14.0=compileClasspath
org.camunda.bpm.model:camunda-xml-model:7.14.0=compileClasspath
org.camunda.bpm:camunda-bom:7.14.0=compileClasspath
org.camunda.bpm:camunda-engine:7.14.0=compileClasspath
org.camunda.commons:camunda-commons-logging:1.9.0=compileClasspath
org.camunda.commons:camunda-commons-typed-values:7.14.0=compileClasspath
org.camunda.commons:camunda-commons-utils:1.9.0=compileClasspath
org.camunda.connect:camunda-connect-core:1.5.0=compileClasspath
org.codehaus.woodstox:stax2-api:4.2.1=dokkaGfmRuntime
org.ec4j.core:ec4j-core:0.3.0=ktlint
org.jetbrains.dokka:dokka-analysis:1.5.0=dokkaGfmPlugin
org.jetbrains.dokka:dokka-base:1.5.0=dokkaGfmPlugin
org.jetbrains.dokka:dokka-core:1.5.0=dokkaGfmRuntime
org.jetbrains.dokka:gfm-plugin:1.5.0=dokkaGfmPlugin
org.jetbrains.dokka:kotlin-analysis-compiler:1.5.0=dokkaGfmPlugin
org.jetbrains.dokka:kotlin-analysis-intellij:1.5.0=dokkaGfmPlugin
org.jetbrains.intellij.deps:trove4j:1.0.20181211=kotlinCompilerClasspath,ktlint
org.jetbrains.kotlin:kotlin-compiler-embeddable:1.4.31=kotlinCompilerClasspath,ktlint
org.jetbrains.kotlin:kotlin-daemon-embeddable:1.4.31=kotlinCompilerClasspath,ktlint
org.jetbrains.kotlin:kotlin-reflect:1.4.31=compileClasspath,kotlinCompilerClasspath,ktlint,runtimeClasspath,testCompileClasspath,testRuntimeClasspath
org.jetbrains.kotlin:kotlin-reflect:1.5.0=dokkaGfmPlugin,dokkaGfmRuntime
org.jetbrains.kotlin:kotlin-script-runtime:1.4.31=kotlinCompilerClasspath,kotlinCompilerPluginClasspath,ktlint,runtimeClasspath,testRuntimeClasspath
org.jetbrains.kotlin:kotlin-scripting-common:1.4.31=kotlinCompilerPluginClasspath
org.jetbrains.kotlin:kotlin-scripting-compiler-embeddable:1.4.31=kotlinCompilerPluginClasspath
org.jetbrains.kotlin:kotlin-scripting-compiler-impl-embeddable:1.4.31=kotlinCompilerPluginClasspath
org.jetbrains.kotlin:kotlin-scripting-jvm:1.4.31=kotlinCompilerPluginClasspath
org.jetbrains.kotlin:kotlin-stdlib-common:1.4.31=compileClasspath,kotlinCompilerClasspath,kotlinCompilerPluginClasspath,ktlint,runtimeClasspath,testCompileClasspath,testRuntimeClasspath
org.jetbrains.kotlin:kotlin-stdlib-common:1.5.0=dokkaGfmPlugin,dokkaGfmRuntime
org.jetbrains.kotlin:kotlin-stdlib-jdk7:1.4.21=compileClasspath,runtimeClasspath,testCompileClasspath,testRuntimeClasspath
org.jetbrains.kotlin:kotlin-stdlib-jdk7:1.4.31=ktlint
org.jetbrains.kotlin:kotlin-stdlib-jdk7:1.5.0=dokkaGfmPlugin,dokkaGfmRuntime
org.jetbrains.kotlin:kotlin-stdlib-jdk8:1.4.31=ktlint
org.jetbrains.kotlin:kotlin-stdlib-jdk8:1.5.0=dokkaGfmPlugin,dokkaGfmRuntime
org.jetbrains.kotlin:kotlin-stdlib:1.4.31=compileClasspath,kotlinCompilerClasspath,kotlinCompilerPluginClasspath,ktlint,runtimeClasspath,testCompileClasspath,testRuntimeClasspath
org.jetbrains.kotlin:kotlin-stdlib:1.5.0=dokkaGfmPlugin,dokkaGfmRuntime
org.jetbrains.kotlinx:kotlinx-coroutines-core-jvm:1.4.2-native-mt=compileClasspath,runtimeClasspath,testCompileClasspath,testRuntimeClasspath
org.jetbrains.kotlinx:kotlinx-coroutines-core-jvm:1.5.0=dokkaGfmPlugin,dokkaGfmRuntime
org.jetbrains.kotlinx:kotlinx-coroutines-core:1.3.8=kotlinCompilerPluginClasspath
org.jetbrains.kotlinx:kotlinx-coroutines-core:1.4.2-native-mt=compileClasspath,runtimeClasspath,testCompileClasspath,testRuntimeClasspath
org.jetbrains.kotlinx:kotlinx-coroutines-core:1.5.0=dokkaGfmPlugin,dokkaGfmRuntime
org.jetbrains.kotlinx:kotlinx-html-jvm:0.7.3=dokkaGfmPlugin
org.jetbrains:annotations:13.0=compileClasspath,dokkaGfmPlugin,dokkaGfmRuntime,kotlinCompilerClasspath,kotlinCompilerPluginClasspath,ktlint,runtimeClasspath,testCompileClasspath,testRuntimeClasspath
org.jetbrains:markdown-jvm:0.2.1=dokkaGfmRuntime
org.jetbrains:markdown:0.2.1=dokkaGfmRuntime
org.jsoup:jsoup:1.13.1=dokkaGfmPlugin,dokkaGfmRuntime
org.junit.jupiter:junit-jupiter-api:5.7.0=testCompileClasspath,testRuntimeClasspath
org.junit.jupiter:junit-jupiter-engine:5.7.0=testCompileClasspath,testRuntimeClasspath
org.junit.platform:junit-platform-commons:1.7.0=testCompileClasspath,testRuntimeClasspath
org.junit.platform:junit-platform-engine:1.7.0=testCompileClasspath,testRuntimeClasspath
org.junit:junit-bom:5.7.0=testCompileClasspath,testRuntimeClasspath
org.mybatis:mybatis:3.5.3=compileClasspath
org.opentest4j:opentest4j:1.2.0=testCompileClasspath,testRuntimeClasspath
org.slf4j:slf4j-api:1.7.30=compileClasspath,runtimeClasspath,testCompileClasspath,testRuntimeClasspath
org.springframework:spring-beans:5.2.8.RELEASE=compileClasspath
org.springframework:spring-core:5.2.8.RELEASE=compileClasspath
org.springframework:spring-jcl:5.2.8.RELEASE=compileClasspath
xml-apis:xml-apis:1.0.b2=compileClasspath,runtimeClasspath,testCompileClasspath,testRuntimeClasspath
empty=ktlintReporter,ktlintRuleset
